
Microsoft Visual Studio Solution File, Format Version 12.00
# Visual Studio Version 17
VisualStudioVersion = 17.5.33516.290
MinimumVisualStudioVersion = 10.0.40219.1
Project("{FAE04EC0-301F-11D3-BF4B-00C04F79EFBC}") = "GD_Kassa", "GD_Kassa.csproj", "{79319411-0210-47C7-A941-BD3F141E7924}"
EndProject
Project("{9A19103F-16F7-4668-BE54-9A1E7A4F7556}") = "TestProject1", "..\TestProject1\TestProject1.csproj", "{A90D304D-8BBC-492F-BE24-F414FFBCEFBB}"
EndProject
Project("{FAE04EC0-301F-11D3-BF4B-00C04F79EFBC}") = "Methods4Tests", "..\Methods4Tests\Methods4Tests.csproj", "{4DA1109B-7202-4B38-A47D-9F81E0B313CF}"
EndProject
Global
	GlobalSection(SolutionConfigurationPlatforms) = preSolution
		Debug|Any CPU = Debug|Any CPU
		Debug|ARM = Debug|ARM
		Debug|ARM64 = Debug|ARM64
		Debug|x64 = Debug|x64
		Debug|x86 = Debug|x86
		Release|Any CPU = Release|Any CPU
		Release|ARM = Release|ARM
		Release|ARM64 = Release|ARM64
		Release|x64 = Release|x64
		Release|x86 = Release|x86
	EndGlobalSection
	GlobalSection(ProjectConfigurationPlatforms) = postSolution
		{79319411-0210-47C7-A941-BD3F141E7924}.Debug|Any CPU.ActiveCfg = Debug|Any CPU
		{79319411-0210-47C7-A941-BD3F141E7924}.Debug|Any CPU.Build.0 = Debug|Any CPU
		{79319411-0210-47C7-A941-BD3F141E7924}.Debug|ARM.ActiveCfg = Debug|Any CPU
		{79319411-0210-47C7-A941-BD3F141E7924}.Debug|ARM.Build.0 = Debug|Any CPU
		{79319411-0210-47C7-A941-BD3F141E7924}.Debug|ARM64.ActiveCfg = Debug|Any CPU
		{79319411-0210-47C7-A941-BD3F141E7924}.Debug|ARM64.Build.0 = Debug|Any CPU
		{79319411-0210-47C7-A941-BD3F141E7924}.Debug|x64.ActiveCfg = Debug|Any CPU
		{79319411-0210-47C7-A941-BD3F141E7924}.Debug|x64.Build.0 = Debug|Any CPU
		{79319411-0210-47C7-A941-BD3F141E7924}.Debug|x86.ActiveCfg = Debug|Any CPU
		{79319411-0210-47C7-A941-BD3F141E7924}.Debug|x86.Build.0 = Debug|Any CPU
		{79319411-0210-47C7-A941-BD3F141E7924}.Release|Any CPU.ActiveCfg = Release|Any CPU
		{79319411-0210-47C7-A941-BD3F141E7924}.Release|Any CPU.Build.0 = Release|Any CPU
		{79319411-0210-47C7-A941-BD3F141E7924}.Release|ARM.ActiveCfg = Release|Any CPU
		{79319411-0210-47C7-A941-BD3F141E7924}.Release|ARM.Build.0 = Release|Any CPU
		{79319411-0210-47C7-A941-BD3F141E7924}.Release|ARM64.ActiveCfg = Release|Any CPU
		{79319411-0210-47C7-A941-BD3F141E7924}.Release|ARM64.Build.0 = Release|Any CPU
		{79319411-0210-47C7-A941-BD3F141E7924}.Release|x64.ActiveCfg = Release|Any CPU
		{79319411-0210-47C7-A941-BD3F141E7924}.Release|x64.Build.0 = Release|Any CPU
		{79319411-0210-47C7-A941-BD3F141E7924}.Release|x86.ActiveCfg = Release|Any CPU
		{79319411-0210-47C7-A941-BD3F141E7924}.Release|x86.Build.0 = Release|Any CPU
		{A90D304D-8BBC-492F-BE24-F414FFBCEFBB}.Debug|Any CPU.ActiveCfg = Debug|Any CPU
		{A90D304D-8BBC-492F-BE24-F414FFBCEFBB}.Debug|Any CPU.Build.0 = Debug|Any CPU
		{A90D304D-8BBC-492F-BE24-F414FFBCEFBB}.Debug|ARM.ActiveCfg = Debug|Any CPU
		{A90D304D-8BBC-492F-BE24-F414FFBCEFBB}.Debug|ARM.Build.0 = Debug|Any CPU
		{A90D304D-8BBC-492F-BE24-F414FFBCEFBB}.Debug|ARM64.ActiveCfg = Debug|Any CPU
		{A90D304D-8BBC-492F-BE24-F414FFBCEFBB}.Debug|ARM64.Build.0 = Debug|Any CPU
		{A90D304D-8BBC-492F-BE24-F414FFBCEFBB}.Debug|x64.ActiveCfg = Debug|Any CPU
		{A90D304D-8BBC-492F-BE24-F414FFBCEFBB}.Debug|x64.Build.0 = Debug|Any CPU
		{A90D304D-8BBC-492F-BE24-F414FFBCEFBB}.Debug|x86.ActiveCfg = Debug|Any CPU
		{A90D304D-8BBC-492F-BE24-F414FFBCEFBB}.Debug|x86.Build.0 = Debug|Any CPU
		{A90D304D-8BBC-492F-BE24-F414FFBCEFBB}.Release|Any CPU.ActiveCfg = Release|Any CPU
		{A90D304D-8BBC-492F-BE24-F414FFBCEFBB}.Release|Any CPU.Build.0 = Release|Any CPU
		{A90D304D-8BBC-492F-BE24-F414FFBCEFBB}.Release|ARM.ActiveCfg = Release|Any CPU
		{A90D304D-8BBC-492F-BE24-F414FFBCEFBB}.Release|ARM.Build.0 = Release|Any CPU
		{A90D304D-8BBC-492F-BE24-F414FFBCEFBB}.Release|ARM64.ActiveCfg = Release|Any CPU
		{A90D304D-8BBC-492F-BE24-F414FFBCEFBB}.Release|ARM64.Build.0 = Release|Any CPU
		{A90D304D-8BBC-492F-BE24-F414FFBCEFBB}.Release|x64.ActiveCfg = Release|Any CPU
		{A90D304D-8BBC-492F-BE24-F414FFBCEFBB}.Release|x64.Build.0 = Release|Any CPU
		{A90D304D-8BBC-492F-BE24-F414FFBCEFBB}.Release|x86.ActiveCfg = Release|Any CPU
		{A90D304D-8BBC-492F-BE24-F414FFBCEFBB}.Release|x86.Build.0 = Release|Any CPU
		{4DA1109B-7202-4B38-A47D-9F81E0B313CF}.Debug|Any CPU.ActiveCfg = Debug|Any CPU
		{4DA1109B-7202-4B38-A47D-9F81E0B313CF}.Debug|Any CPU.Build.0 = Debug|Any CPU
		{4DA1109B-7202-4B38-A47D-9F81E0B313CF}.Debug|ARM.ActiveCfg = Debug|Any CPU
		{4DA1109B-7202-4B38-A47D-9F81E0B313CF}.Debug|ARM.Build.0 = Debug|Any CPU
		{4DA1109B-7202-4B38-A47D-9F81E0B313CF}.Debug|ARM64.ActiveCfg = Debug|Any CPU
		{4DA1109B-7202-4B38-A47D-9F81E0B313CF}.Debug|ARM64.Build.0 = Debug|Any CPU
		{4DA1109B-7202-4B38-A47D-9F81E0B313CF}.Debug|x64.ActiveCfg = Debug|Any CPU
		{4DA1109B-7202-4B38-A47D-9F81E0B313CF}.Debug|x64.Build.0 = Debug|Any CPU
		{4DA1109B-7202-4B38-A47D-9F81E0B313CF}.Debug|x86.ActiveCfg = Debug|Any CPU
		{4DA1109B-7202-4B38-A47D-9F81E0B313CF}.Debug|x86.Build.0 = Debug|Any CPU
		{4DA1109B-7202-4B38-A47D-9F81E0B313CF}.Release|Any CPU.ActiveCfg = Release|Any CPU
		{4DA1109B-7202-4B38-A47D-9F81E0B313CF}.Release|Any CPU.Build.0 = Release|Any CPU
		{4DA1109B-7202-4B38-A47D-9F81E0B313CF}.Release|ARM.ActiveCfg = Release|Any CPU
		{4DA1109B-7202-4B38-A47D-9F81E0B313CF}.Release|ARM.Build.0 = Release|Any CPU
		{4DA1109B-7202-4B38-A47D-9F81E0B313CF}.Release|ARM64.ActiveCfg = Release|Any CPU
		{4DA1109B-7202-4B38-A47D-9F81E0B313CF}.Release|ARM64.Build.0 = Release|Any CPU
		{4DA1109B-7202-4B38-A47D-9F81E0B313CF}.Release|x64.ActiveCfg = Release|Any CPU
		{4DA1109B-7202-4B38-A47D-9F81E0B313CF}.Release|x64.Build.0 = Release|Any CPU
		{4DA1109B-7202-4B38-A47D-9F81E0B313CF}.Release|x86.ActiveCfg = Release|Any CPU
		{4DA1109B-7202-4B38-A47D-9F81E0B313CF}.Release|x86.Build.0 = Release|Any CPU
	EndGlobalSection
	GlobalSection(SolutionProperties) = preSolution
		HideSolutionNode = FALSE
	EndGlobalSection
	GlobalSection(ExtensibilityGlobals) = postSolution
		SolutionGuid = {D1093EB6-B1AB-4E61-BC34-134A794EF2B5}
	EndGlobalSection
EndGlobal
